{
  "nodes": {
    "firefox-addons": {
      "inputs": {
        "nixpkgs": [
          "nixpkgs"
        ]
      },
      "locked": {
        "dir": "pkgs/firefox-addons",
        "lastModified": 1760673822,
        "narHash": "sha256-h+liPhhMw1yYvkDGLHzQJQShQs+yLjNgjfAyZX+sRrM=",
        "owner": "rycee",
        "repo": "nur-expressions",
        "rev": "5cca27f1bb30a26140d0cf60ab34daa45b4fa11f",
        "type": "gitlab"
      },
      "original": {
        "dir": "pkgs/firefox-addons",
        "owner": "rycee",
        "repo": "nur-expressions",
        "type": "gitlab"
      }
    },
    "flake-parts": {
      "inputs": {
        "nixpkgs-lib": "nixpkgs-lib"
      },
      "locked": {
        "lastModified": 1759362264,
        "narHash": "sha256-wfG0S7pltlYyZTM+qqlhJ7GMw2fTF4mLKCIVhLii/4M=",
        "owner": "hercules-ci",
        "repo": "flake-parts",
        "rev": "758cf7296bee11f1706a574c77d072b8a7baa881",
        "type": "github"
      },
      "original": {
        "owner": "hercules-ci",
        "repo": "flake-parts",
        "type": "github"
      }
    },
    "home-manager": {
      "inputs": {
        "nixpkgs": [
          "nixpkgs"
        ]
      },
      "locked": {
        "lastModified": 1760662441,
        "narHash": "sha256-mlDqR1Ntgs9uYYEAUR1IhamKBO0lxoNS4zGLzEZaY0A=",
        "owner": "nix-community",
        "repo": "home-manager",
        "rev": "722792af097dff5790f1a66d271a47759f477755",
        "type": "github"
      },
      "original": {
        "owner": "nix-community",
        "repo": "home-manager",
        "type": "github"
      }
    },
    "nix-index-database": {
      "inputs": {
        "nixpkgs": [
          "nixpkgs"
        ]
      },
      "locked": {
        "lastModified": 1760241904,
        "narHash": "sha256-OD7QnaGEVNdukYEbJbUNWPsvnDrpbZOZxVIk6Pt9Jhw=",
        "owner": "nix-community",
        "repo": "nix-index-database",
        "rev": "c9f5ea45f25652ec2f771f9426ccacb21cbbaeaa",
        "type": "github"
      },
      "original": {
        "owner": "nix-community",
        "repo": "nix-index-database",
        "type": "github"
      }
    },
    "nixpkgs": {
      "locked": {
        "lastModified": 1760524057,
        "narHash": "sha256-EVAqOteLBFmd7pKkb0+FIUyzTF61VKi7YmvP1tw4nEw=",
        "owner": "nixos",
        "repo": "nixpkgs",
        "rev": "544961dfcce86422ba200ed9a0b00dd4b1486ec5",
        "type": "github"
      },
      "original": {
        "owner": "nixos",
        "ref": "nixos-unstable",
        "repo": "nixpkgs",
        "type": "github"
      }
    },
    "nixpkgs-lib": {
      "locked": {
        "lastModified": 1754788789,
        "narHash": "sha256-x2rJ+Ovzq0sCMpgfgGaaqgBSwY+LST+WbZ6TytnT9Rk=",
        "owner": "nix-community",
        "repo": "nixpkgs.lib",
        "rev": "a73b9c743612e4244d865a2fdee11865283c04e6",
        "type": "github"
      },
      "original": {
        "owner": "nix-community",
        "repo": "nixpkgs.lib",
        "type": "github"
      }
    },
    "nttpkgs": {
      "locked": {
        "lastModified": 1759246640,
        "narHash": "sha256-zcIMcCfHyPgNuilt50avwmOYDVJs/rj9OHgGpr/52+s=",
        "owner": "nttis",
        "repo": "nttpkgs",
        "rev": "4ef08db6cba1d90d328d69d9be452be00b6e6fb7",
        "type": "github"
      },
      "original": {
        "owner": "nttis",
        "repo": "nttpkgs",
        "type": "github"
      }
    },
    "plasma-manager": {
      "inputs": {
        "home-manager": [
          "home-manager"
        ],
        "nixpkgs": [
          "nixpkgs"
        ]
      },
      "locked": {
        "lastModified": 1759321049,
        "narHash": "sha256-8XkU4gIrLT2DJZWQyvsP5woXGZF5eE/7AnKfwQkiwYU=",
        "owner": "nix-community",
        "repo": "plasma-manager",
        "rev": "205dcfd4a30d4a5d1b4f28defee69daa7c7252cd",
        "type": "github"
      },
      "original": {
        "owner": "nix-community",
        "repo": "plasma-manager",
        "type": "github"
      }
    },
    "preservation": {
      "locked": {
        "lastModified": 1757436102,
        "narHash": "sha256-mMI9IanU+Xw+pVogD2oT0I2kTmvz2Un/Apc5+CwUpEY=",
        "owner": "nix-community",
        "repo": "preservation",
        "rev": "93416f4614ad2dfed5b0dcf12f27e57d27a5ab11",
        "type": "github"
      },
      "original": {
        "owner": "nix-community",
        "repo": "preservation",
        "type": "github"
      }
    },
    "root": {
      "inputs": {
        "firefox-addons": "firefox-addons",
        "flake-parts": "flake-parts",
        "home-manager": "home-manager",
        "nix-index-database": "nix-index-database",
        "nixpkgs": "nixpkgs",
        "nttpkgs": "nttpkgs",
        "plasma-manager": "plasma-manager",
        "preservation": "preservation"
      }
    }
  },
  "root": "root",
  "version": 7
}
